
Microsoft Visual Studio Solution File, Format Version 12.00
# Visual Studio Version 16
VisualStudioVersion = 16.0.31624.102
MinimumVisualStudioVersion = 10.0.40219.1
Project("{FAE04EC0-301F-11D3-BF4B-00C04F79EFBC}") = "EjRepaso3", "EjRepaso3\EjRepaso3.csproj", "{6F19AB0B-1B8E-4096-9C93-C90E9ADDC591}"
EndProject
Global
	GlobalSection(SolutionConfigurationPlatforms) = preSolution
		Debug|Any CPU = Debug|Any CPU
		Release|Any CPU = Release|Any CPU
	EndGlobalSection
	GlobalSection(ProjectConfigurationPlatforms) = postSolution
		{6F19AB0B-1B8E-4096-9C93-C90E9ADDC591}.Debug|Any CPU.ActiveCfg = Debug|Any CPU
		{6F19AB0B-1B8E-4096-9C93-C90E9ADDC591}.Debug|Any CPU.Build.0 = Debug|Any CPU
		{6F19AB0B-1B8E-4096-9C93-C90E9ADDC591}.Release|Any CPU.ActiveCfg = Release|Any CPU
		{6F19AB0B-1B8E-4096-9C93-C90E9ADDC591}.Release|Any CPU.Build.0 = Release|Any CPU
	EndGlobalSection
	GlobalSection(SolutionProperties) = preSolution
		HideSolutionNode = FALSE
	EndGlobalSection
	GlobalSection(ExtensibilityGlobals) = postSolution
		SolutionGuid = {AA59736C-4C12-4C88-9A15-C177B898A0C7}
	EndGlobalSection
EndGlobal
